
Microsoft Visual Studio Solution File, Format Version 12.00
# Visual Studio Version 17
VisualStudioVersion = 17.11.35312.102
MinimumVisualStudioVersion = 10.0.40219.1
Project("{FAE04EC0-301F-11D3-BF4B-00C04F79EFBC}") = "lab06-GUI", "lab06_3-layer\lab06-GUI.csproj", "{B516A4B8-4FA7-4B09-A902-F5010C020DFB}"
EndProject
Project("{FAE04EC0-301F-11D3-BF4B-00C04F79EFBC}") = "lab06-BUS", "lab06-BUS\lab06-BUS.csproj", "{5D1E829B-6FCB-45AB-9058-B74F9A3CE998}"
EndProject
Project("{FAE04EC0-301F-11D3-BF4B-00C04F79EFBC}") = "lab06-DAL", "lab06-DAL\lab06-DAL.csproj", "{A7D5A15A-94B7-4586-A073-C50094981EA0}"
EndProject
Global
	GlobalSection(SolutionConfigurationPlatforms) = preSolution
		Debug|Any CPU = Debug|Any CPU
		Release|Any CPU = Release|Any CPU
	EndGlobalSection
	GlobalSection(ProjectConfigurationPlatforms) = postSolution
		{B516A4B8-4FA7-4B09-A902-F5010C020DFB}.Debug|Any CPU.ActiveCfg = Debug|Any CPU
		{B516A4B8-4FA7-4B09-A902-F5010C020DFB}.Debug|Any CPU.Build.0 = Debug|Any CPU
		{B516A4B8-4FA7-4B09-A902-F5010C020DFB}.Release|Any CPU.ActiveCfg = Release|Any CPU
		{B516A4B8-4FA7-4B09-A902-F5010C020DFB}.Release|Any CPU.Build.0 = Release|Any CPU
		{5D1E829B-6FCB-45AB-9058-B74F9A3CE998}.Debug|Any CPU.ActiveCfg = Debug|Any CPU
		{5D1E829B-6FCB-45AB-9058-B74F9A3CE998}.Debug|Any CPU.Build.0 = Debug|Any CPU
		{5D1E829B-6FCB-45AB-9058-B74F9A3CE998}.Release|Any CPU.ActiveCfg = Release|Any CPU
		{5D1E829B-6FCB-45AB-9058-B74F9A3CE998}.Release|Any CPU.Build.0 = Release|Any CPU
		{A7D5A15A-94B7-4586-A073-C50094981EA0}.Debug|Any CPU.ActiveCfg = Debug|Any CPU
		{A7D5A15A-94B7-4586-A073-C50094981EA0}.Debug|Any CPU.Build.0 = Debug|Any CPU
		{A7D5A15A-94B7-4586-A073-C50094981EA0}.Release|Any CPU.ActiveCfg = Release|Any CPU
		{A7D5A15A-94B7-4586-A073-C50094981EA0}.Release|Any CPU.Build.0 = Release|Any CPU
	EndGlobalSection
	GlobalSection(SolutionProperties) = preSolution
		HideSolutionNode = FALSE
	EndGlobalSection
	GlobalSection(ExtensibilityGlobals) = postSolution
		SolutionGuid = {23B00BA1-B08C-4C53-A8D1-C0EE7A979B25}
	EndGlobalSection
EndGlobal
